
Microsoft Visual Studio Solution File, Format Version 12.00
# Visual Studio 15
VisualStudioVersion = 15.0.28307.489
MinimumVisualStudioVersion = 10.0.40219.1
Project("{FAE04EC0-301F-11D3-BF4B-00C04F79EFBC}") = "GradeConverter", "GradeConverter\GradeConverter.csproj", "{BC661DFC-63A0-4B01-9363-D03A4F0E363A}"
EndProject
Global
	GlobalSection(SolutionConfigurationPlatforms) = preSolution
		Debug|Any CPU = Debug|Any CPU
		Release|Any CPU = Release|Any CPU
	EndGlobalSection
	GlobalSection(ProjectConfigurationPlatforms) = postSolution
		{BC661DFC-63A0-4B01-9363-D03A4F0E363A}.Debug|Any CPU.ActiveCfg = Debug|Any CPU
		{BC661DFC-63A0-4B01-9363-D03A4F0E363A}.Debug|Any CPU.Build.0 = Debug|Any CPU
		{BC661DFC-63A0-4B01-9363-D03A4F0E363A}.Release|Any CPU.ActiveCfg = Release|Any CPU
		{BC661DFC-63A0-4B01-9363-D03A4F0E363A}.Release|Any CPU.Build.0 = Release|Any CPU
	EndGlobalSection
	GlobalSection(SolutionProperties) = preSolution
		HideSolutionNode = FALSE
	EndGlobalSection
	GlobalSection(ExtensibilityGlobals) = postSolution
		SolutionGuid = {5AF01939-DE2D-4767-B8A9-1261EAAC204A}
	EndGlobalSection
EndGlobal
